// !$*UTF8*$!
{
	archiveVersion = 1;
	classes = {
	};
	objectVersion = 46;
	objects = {

/* Begin PBXBuildFile section */
		7A90C9D41C3121C10094A9E0 /* main.m in Sources */ = {isa = PBXBuildFile; fileRef = 7A90C9D31C3121C10094A9E0 /* main.m */; };
		7A90C9D71C3121C10094A9E0 /* AppDelegate.m in Sources */ = {isa = PBXBuildFile; fileRef = 7A90C9D61C3121C10094A9E0 /* AppDelegate.m */; };
		7A90C9DA1C3121C10094A9E0 /* SampleProject0001.xcdatamodeld in Sources */ = {isa = PBXBuildFile; fileRef = 7A90C9D81C3121C10094A9E0 /* SampleProject0001.xcdatamodeld */; };
		7A90C9E01C3121C10094A9E0 /* Main.storyboard in Resources */ = {isa = PBXBuildFile; fileRef = 7A90C9DE1C3121C10094A9E0 /* Main.storyboard */; };
		7A90C9E21C3121C10094A9E0 /* Images.xcassets in Resources */ = {isa = PBXBuildFile; fileRef = 7A90C9E11C3121C10094A9E0 /* Images.xcassets */; };
		7A90C9E51C3121C10094A9E0 /* LaunchScreen.xib in Resources */ = {isa = PBXBuildFile; fileRef = 7A90C9E31C3121C10094A9E0 /* LaunchScreen.xib */; };
		7A90CA0A1C3134C90094A9E0 /* CountryListViewController.m in Sources */ = {isa = PBXBuildFile; fileRef = 7A90CA091C3134C90094A9E0 /* CountryListViewController.m */; };
		7A90CA0B1C3134C90094A9E0 /* CountryListViewController.m in Sources */ = {isa = PBXBuildFile; fileRef = 7A90CA091C3134C90094A9E0 /* CountryListViewController.m */; };
		7A90CA101C31385A0094A9E0 /* CountryListViewPresenter.m in Sources */ = {isa = PBXBuildFile; fileRef = 7A90CA0F1C31385A0094A9E0 /* CountryListViewPresenter.m */; };
		7A90CA111C31385A0094A9E0 /* CountryListViewPresenter.m in Sources */ = {isa = PBXBuildFile; fileRef = 7A90CA0F1C31385A0094A9E0 /* CountryListViewPresenter.m */; };
		7A90CA151C3139650094A9E0 /* CountryListViewImpl.m in Sources */ = {isa = PBXBuildFile; fileRef = 7A90CA141C3139650094A9E0 /* CountryListViewImpl.m */; };
		7A90CA161C3139650094A9E0 /* CountryListViewImpl.m in Sources */ = {isa = PBXBuildFile; fileRef = 7A90CA141C3139650094A9E0 /* CountryListViewImpl.m */; };
		7A90CA1A1C313BC00094A9E0 /* CountryList.plist in Resources */ = {isa = PBXBuildFile; fileRef = 7A90CA191C313BC00094A9E0 /* CountryList.plist */; };
		7A90CA1B1C313BC00094A9E0 /* CountryList.plist in Resources */ = {isa = PBXBuildFile; fileRef = 7A90CA191C313BC00094A9E0 /* CountryList.plist */; };
		7A90CA211C3141BA0094A9E0 /* MockCountryListViewController.m in Sources */ = {isa = PBXBuildFile; fileRef = 7A90CA201C3141BA0094A9E0 /* MockCountryListViewController.m */; };
		7A90CA221C3141BA0094A9E0 /* MockCountryListViewController.m in Sources */ = {isa = PBXBuildFile; fileRef = 7A90CA201C3141BA0094A9E0 /* MockCountryListViewController.m */; };
		7A90CA251C3142750094A9E0 /* ContryListTests.m in Sources */ = {isa = PBXBuildFile; fileRef = 7A90CA231C3142750094A9E0 /* ContryListTests.m */; };
/* End PBXBuildFile section */

/* Begin PBXContainerItemProxy section */
		7A90C9EB1C3121C10094A9E0 /* PBXContainerItemProxy */ = {
			isa = PBXContainerItemProxy;
			containerPortal = 7A90C9C61C3121C10094A9E0 /* Project object */;
			proxyType = 1;
			remoteGlobalIDString = 7A90C9CD1C3121C10094A9E0;
			remoteInfo = SampleProject0001;
		};
/* End PBXContainerItemProxy section */

/* Begin PBXFileReference section */
		7A90C9CE1C3121C10094A9E0 /* SampleProject0001.app */ = {isa = PBXFileReference; explicitFileType = wrapper.application; includeInIndex = 0; path = SampleProject0001.app; sourceTree = BUILT_PRODUCTS_DIR; };
		7A90C9D21C3121C10094A9E0 /* Info.plist */ = {isa = PBXFileReference; lastKnownFileType = text.plist.xml; path = Info.plist; sourceTree = "<group>"; };
		7A90C9D31C3121C10094A9E0 /* main.m */ = {isa = PBXFileReference; lastKnownFileType = sourcecode.c.objc; path = main.m; sourceTree = "<group>"; };
		7A90C9D51C3121C10094A9E0 /* AppDelegate.h */ = {isa = PBXFileReference; lastKnownFileType = sourcecode.c.h; path = AppDelegate.h; sourceTree = "<group>"; };
		7A90C9D61C3121C10094A9E0 /* AppDelegate.m */ = {isa = PBXFileReference; lastKnownFileType = sourcecode.c.objc; path = AppDelegate.m; sourceTree = "<group>"; };
		7A90C9D91C3121C10094A9E0 /* SampleProject0001.xcdatamodel */ = {isa = PBXFileReference; lastKnownFileType = wrapper.xcdatamodel; path = SampleProject0001.xcdatamodel; sourceTree = "<group>"; };
		7A90C9DF1C3121C10094A9E0 /* Base */ = {isa = PBXFileReference; lastKnownFileType = file.storyboard; name = Base; path = Base.lproj/Main.storyboard; sourceTree = "<group>"; };
		7A90C9E11C3121C10094A9E0 /* Images.xcassets */ = {isa = PBXFileReference; lastKnownFileType = folder.assetcatalog; path = Images.xcassets; sourceTree = "<group>"; };
		7A90C9E41C3121C10094A9E0 /* Base */ = {isa = PBXFileReference; lastKnownFileType = file.xib; name = Base; path = Base.lproj/LaunchScreen.xib; sourceTree = "<group>"; };
		7A90C9EA1C3121C10094A9E0 /* SampleProject0001Tests.xctest */ = {isa = PBXFileReference; explicitFileType = wrapper.cfbundle; includeInIndex = 0; path = SampleProject0001Tests.xctest; sourceTree = BUILT_PRODUCTS_DIR; };
		7A90C9EF1C3121C10094A9E0 /* Info.plist */ = {isa = PBXFileReference; lastKnownFileType = text.plist.xml; path = Info.plist; sourceTree = "<group>"; };
		7A90CA081C3134C90094A9E0 /* CountryListViewController.h */ = {isa = PBXFileReference; fileEncoding = 4; lastKnownFileType = sourcecode.c.h; path = CountryListViewController.h; sourceTree = "<group>"; };
		7A90CA091C3134C90094A9E0 /* CountryListViewController.m */ = {isa = PBXFileReference; fileEncoding = 4; lastKnownFileType = sourcecode.c.objc; path = CountryListViewController.m; sourceTree = "<group>"; };
		7A90CA0C1C3134F00094A9E0 /* CountryListViewControllerCallback.h */ = {isa = PBXFileReference; fileEncoding = 4; lastKnownFileType = sourcecode.c.h; path = CountryListViewControllerCallback.h; sourceTree = "<group>"; };
		7A90CA0E1C31385A0094A9E0 /* CountryListViewPresenter.h */ = {isa = PBXFileReference; fileEncoding = 4; lastKnownFileType = sourcecode.c.h; path = CountryListViewPresenter.h; sourceTree = "<group>"; };
		7A90CA0F1C31385A0094A9E0 /* CountryListViewPresenter.m */ = {isa = PBXFileReference; fileEncoding = 4; lastKnownFileType = sourcecode.c.objc; path = CountryListViewPresenter.m; sourceTree = "<group>"; };
		7A90CA121C31387B0094A9E0 /* CountryListViewDelegate.h */ = {isa = PBXFileReference; fileEncoding = 4; lastKnownFileType = sourcecode.c.h; path = CountryListViewDelegate.h; sourceTree = "<group>"; };
		7A90CA131C3139650094A9E0 /* CountryListViewImpl.h */ = {isa = PBXFileReference; fileEncoding = 4; lastKnownFileType = sourcecode.c.h; path = CountryListViewImpl.h; sourceTree = "<group>"; };
		7A90CA141C3139650094A9E0 /* CountryListViewImpl.m */ = {isa = PBXFileReference; fileEncoding = 4; lastKnownFileType = sourcecode.c.objc; path = CountryListViewImpl.m; sourceTree = "<group>"; };
		7A90CA171C3139980094A9E0 /* CountryListViewImplDelegate.h */ = {isa = PBXFileReference; fileEncoding = 4; lastKnownFileType = sourcecode.c.h; path = CountryListViewImplDelegate.h; sourceTree = "<group>"; };
		7A90CA191C313BC00094A9E0 /* CountryList.plist */ = {isa = PBXFileReference; fileEncoding = 4; lastKnownFileType = text.plist.xml; path = CountryList.plist; sourceTree = "<group>"; };
		7A90CA1F1C3141BA0094A9E0 /* MockCountryListViewController.h */ = {isa = PBXFileReference; fileEncoding = 4; lastKnownFileType = sourcecode.c.h; path = MockCountryListViewController.h; sourceTree = "<group>"; };
		7A90CA201C3141BA0094A9E0 /* MockCountryListViewController.m */ = {isa = PBXFileReference; fileEncoding = 4; lastKnownFileType = sourcecode.c.objc; path = MockCountryListViewController.m; sourceTree = "<group>"; };
		7A90CA231C3142750094A9E0 /* ContryListTests.m */ = {isa = PBXFileReference; fileEncoding = 4; lastKnownFileType = sourcecode.c.objc; path = ContryListTests.m; sourceTree = "<group>"; };
/* End PBXFileReference section */

/* Begin PBXFrameworksBuildPhase section */
		7A90C9CB1C3121C10094A9E0 /* Frameworks */ = {
			isa = PBXFrameworksBuildPhase;
			buildActionMask = 2147483647;
			files = (
			);
			runOnlyForDeploymentPostprocessing = 0;
		};
		7A90C9E71C3121C10094A9E0 /* Frameworks */ = {
			isa = PBXFrameworksBuildPhase;
			buildActionMask = 2147483647;
			files = (
			);
			runOnlyForDeploymentPostprocessing = 0;
		};
/* End PBXFrameworksBuildPhase section */

/* Begin PBXGroup section */
		7A90C9C51C3121C10094A9E0 = {
			isa = PBXGroup;
			children = (
				7A90C9D01C3121C10094A9E0 /* SampleProject0001 */,
				7A90C9ED1C3121C10094A9E0 /* SampleProject0001Tests */,
				7A90C9CF1C3121C10094A9E0 /* Products */,
			);
			sourceTree = "<group>";
		};
		7A90C9CF1C3121C10094A9E0 /* Products */ = {
			isa = PBXGroup;
			children = (
				7A90C9CE1C3121C10094A9E0 /* SampleProject0001.app */,
				7A90C9EA1C3121C10094A9E0 /* SampleProject0001Tests.xctest */,
			);
			name = Products;
			sourceTree = "<group>";
		};
		7A90C9D01C3121C10094A9E0 /* SampleProject0001 */ = {
			isa = PBXGroup;
			children = (
				7A90CA261C31498B0094A9E0 /* Model */,
				7A90CA271C31498B0094A9E0 /* View */,
				7A90CA181C313BB10094A9E0 /* Resource */,
				7A90CA021C3134650094A9E0 /* Controller */,
				7A90CA001C3133880094A9E0 /* Implementation */,
				7A90CA011C3133880094A9E0 /* Presenter */,
				7A90C9D51C3121C10094A9E0 /* AppDelegate.h */,
				7A90C9D61C3121C10094A9E0 /* AppDelegate.m */,
				7A90C9DE1C3121C10094A9E0 /* Main.storyboard */,
				7A90C9E11C3121C10094A9E0 /* Images.xcassets */,
				7A90C9E31C3121C10094A9E0 /* LaunchScreen.xib */,
				7A90C9D81C3121C10094A9E0 /* SampleProject0001.xcdatamodeld */,
				7A90C9D11C3121C10094A9E0 /* Supporting Files */,
			);
			path = SampleProject0001;
			sourceTree = "<group>";
		};
		7A90C9D11C3121C10094A9E0 /* Supporting Files */ = {
			isa = PBXGroup;
			children = (
				7A90C9D21C3121C10094A9E0 /* Info.plist */,
				7A90C9D31C3121C10094A9E0 /* main.m */,
			);
			name = "Supporting Files";
			sourceTree = "<group>";
		};
		7A90C9ED1C3121C10094A9E0 /* SampleProject0001Tests */ = {
			isa = PBXGroup;
			children = (
				7A90C9EE1C3121C10094A9E0 /* Supporting Files */,
				7A90CA1F1C3141BA0094A9E0 /* MockCountryListViewController.h */,
				7A90CA201C3141BA0094A9E0 /* MockCountryListViewController.m */,
				7A90CA231C3142750094A9E0 /* ContryListTests.m */,
			);
			path = SampleProject0001Tests;
			sourceTree = "<group>";
		};
		7A90C9EE1C3121C10094A9E0 /* Supporting Files */ = {
			isa = PBXGroup;
			children = (
				7A90C9EF1C3121C10094A9E0 /* Info.plist */,
			);
			name = "Supporting Files";
			sourceTree = "<group>";
		};
		7A90CA001C3133880094A9E0 /* Implementation */ = {
			isa = PBXGroup;
			children = (
				7A90CA171C3139980094A9E0 /* CountryListViewImplDelegate.h */,
				7A90CA131C3139650094A9E0 /* CountryListViewImpl.h */,
				7A90CA141C3139650094A9E0 /* CountryListViewImpl.m */,
			);
			path = Implementation;
			sourceTree = "<group>";
		};
		7A90CA011C3133880094A9E0 /* Presenter */ = {
			isa = PBXGroup;
			children = (
				7A90CA0D1C3138470094A9E0 /* CountryListViewPresenter */,
			);
			path = Presenter;
			sourceTree = "<group>";
		};
		7A90CA021C3134650094A9E0 /* Controller */ = {
			isa = PBXGroup;
			children = (
				7A90CA071C3134C90094A9E0 /* CountryListViewController */,
			);
			path = Controller;
			sourceTree = "<group>";
		};
		7A90CA071C3134C90094A9E0 /* CountryListViewController */ = {
			isa = PBXGroup;
			children = (
				7A90CA0C1C3134F00094A9E0 /* CountryListViewControllerCallback.h */,
				7A90CA081C3134C90094A9E0 /* CountryListViewController.h */,
				7A90CA091C3134C90094A9E0 /* CountryListViewController.m */,
			);
			path = CountryListViewController;
			sourceTree = "<group>";
		};
		7A90CA0D1C3138470094A9E0 /* CountryListViewPresenter */ = {
			isa = PBXGroup;
			children = (
				7A90CA121C31387B0094A9E0 /* CountryListViewDelegate.h */,
				7A90CA0E1C31385A0094A9E0 /* CountryListViewPresenter.h */,
				7A90CA0F1C31385A0094A9E0 /* CountryListViewPresenter.m */,
			);
			path = CountryListViewPresenter;
			sourceTree = "<group>";
		};
		7A90CA181C313BB10094A9E0 /* Resource */ = {
			isa = PBXGroup;
			children = (
				7A90CA191C313BC00094A9E0 /* CountryList.plist */,
			);
			path = Resource;
			sourceTree = "<group>";
		};
		7A90CA261C31498B0094A9E0 /* Model */ = {
			isa = PBXGroup;
			children = (
			);
			path = Model;
			sourceTree = "<group>";
		};
		7A90CA271C31498B0094A9E0 /* View */ = {
			isa = PBXGroup;
			children = (
			);
			path = View;
			sourceTree = "<group>";
		};
/* End PBXGroup section */

/* Begin PBXNativeTarget section */
		7A90C9CD1C3121C10094A9E0 /* SampleProject0001 */ = {
			isa = PBXNativeTarget;
			buildConfigurationList = 7A90C9F41C3121C10094A9E0 /* Build configuration list for PBXNativeTarget "SampleProject0001" */;
			buildPhases = (
				7A90C9CA1C3121C10094A9E0 /* Sources */,
				7A90C9CB1C3121C10094A9E0 /* Frameworks */,
				7A90C9CC1C3121C10094A9E0 /* Resources */,
			);
			buildRules = (
			);
			dependencies = (
			);
			name = SampleProject0001;
			productName = SampleProject0001;
			productReference = 7A90C9CE1C3121C10094A9E0 /* SampleProject0001.app */;
			productType = "com.apple.product-type.application";
		};
		7A90C9E91C3121C10094A9E0 /* SampleProject0001Tests */ = {
			isa = PBXNativeTarget;
			buildConfigurationList = 7A90C9F71C3121C10094A9E0 /* Build configuration list for PBXNativeTarget "SampleProject0001Tests" */;
			buildPhases = (
				7A90C9E61C3121C10094A9E0 /* Sources */,
				7A90C9E71C3121C10094A9E0 /* Frameworks */,
				7A90C9E81C3121C10094A9E0 /* Resources */,
			);
			buildRules = (
			);
			dependencies = (
				7A90C9EC1C3121C10094A9E0 /* PBXTargetDependency */,
			);
			name = SampleProject0001Tests;
			productName = SampleProject0001Tests;
			productReference = 7A90C9EA1C3121C10094A9E0 /* SampleProject0001Tests.xctest */;
			productType = "com.apple.product-type.bundle.unit-test";
		};
/* End PBXNativeTarget section */

/* Begin PBXProject section */
		7A90C9C61C3121C10094A9E0 /* Project object */ = {
			isa = PBXProject;
			attributes = {
				LastUpgradeCheck = 0640;
				ORGANIZATIONNAME = MacMini7;
				TargetAttributes = {
					7A90C9CD1C3121C10094A9E0 = {
						CreatedOnToolsVersion = 6.4;
					};
					7A90C9E91C3121C10094A9E0 = {
						CreatedOnToolsVersion = 6.4;
						TestTargetID = 7A90C9CD1C3121C10094A9E0;
					};
				};
			};
			buildConfigurationList = 7A90C9C91C3121C10094A9E0 /* Build configuration list for PBXProject "SampleProject0001" */;
			compatibilityVersion = "Xcode 3.2";
			developmentRegion = English;
			hasScannedForEncodings = 0;
			knownRegions = (
				en,
				Base,
			);
			mainGroup = 7A90C9C51C3121C10094A9E0;
			productRefGroup = 7A90C9CF1C3121C10094A9E0 /* Products */;
			projectDirPath = "";
			projectRoot = "";
			targets = (
				7A90C9CD1C3121C10094A9E0 /* SampleProject0001 */,
				7A90C9E91C3121C10094A9E0 /* SampleProject0001Tests */,
			);
		};
/* End PBXProject section */

/* Begin PBXResourcesBuildPhase section */
		7A90C9CC1C3121C10094A9E0 /* Resources */ = {
			isa = PBXResourcesBuildPhase;
			buildActionMask = 2147483647;
			files = (
				7A90C9E01C3121C10094A9E0 /* Main.storyboard in Resources */,
				7A90C9E51C3121C10094A9E0 /* LaunchScreen.xib in Resources */,
				7A90C9E21C3121C10094A9E0 /* Images.xcassets in Resources */,
				7A90CA1A1C313BC00094A9E0 /* CountryList.plist in Resources */,
			);
			runOnlyForDeploymentPostprocessing = 0;
		};
		7A90C9E81C3121C10094A9E0 /* Resources */ = {
			isa = PBXResourcesBuildPhase;
			buildActionMask = 2147483647;
			files = (
				7A90CA1B1C313BC00094A9E0 /* CountryList.plist in Resources */,
			);
			runOnlyForDeploymentPostprocessing = 0;
		};
/* End PBXResourcesBuildPhase section */

/* Begin PBXSourcesBuildPhase section */
		7A90C9CA1C3121C10094A9E0 /* Sources */ = {
			isa = PBXSourcesBuildPhase;
			buildActionMask = 2147483647;
			files = (
				7A90C9D71C3121C10094A9E0 /* AppDelegate.m in Sources */,
				7A90CA151C3139650094A9E0 /* CountryListViewImpl.m in Sources */,
				7A90C9D41C3121C10094A9E0 /* main.m in Sources */,
				7A90CA211C3141BA0094A9E0 /* MockCountryListViewController.m in Sources */,
				7A90C9DA1C3121C10094A9E0 /* SampleProject0001.xcdatamodeld in Sources */,
				7A90CA101C31385A0094A9E0 /* CountryListViewPresenter.m in Sources */,
				7A90CA0A1C3134C90094A9E0 /* CountryListViewController.m in Sources */,
			);
			runOnlyForDeploymentPostprocessing = 0;
		};
		7A90C9E61C3121C10094A9E0 /* Sources */ = {
			isa = PBXSourcesBuildPhase;
			buildActionMask = 2147483647;
			files = (
				7A90CA161C3139650094A9E0 /* CountryListViewImpl.m in Sources */,
				7A90CA221C3141BA0094A9E0 /* MockCountryListViewController.m in Sources */,
				7A90CA111C31385A0094A9E0 /* CountryListViewPresenter.m in Sources */,
				7A90CA251C3142750094A9E0 /* ContryListTests.m in Sources */,
				7A90CA0B1C3134C90094A9E0 /* CountryListViewController.m in Sources */,
			);
			runOnlyForDeploymentPostprocessing = 0;
		};
/* End PBXSourcesBuildPhase section */

/* Begin PBXTargetDependency section */
		7A90C9EC1C3121C10094A9E0 /* PBXTargetDependency */ = {
			isa = PBXTargetDependency;
			target = 7A90C9CD1C3121C10094A9E0 /* SampleProject0001 */;
			targetProxy = 7A90C9EB1C3121C10094A9E0 /* PBXContainerItemProxy */;
		};
/* End PBXTargetDependency section */

/* Begin PBXVariantGroup section */
		7A90C9DE1C3121C10094A9E0 /* Main.storyboard */ = {
			isa = PBXVariantGroup;
			children = (
				7A90C9DF1C3121C10094A9E0 /* Base */,
			);
			name = Main.storyboard;
			sourceTree = "<group>";
		};
		7A90C9E31C3121C10094A9E0 /* LaunchScreen.xib */ = {
			isa = PBXVariantGroup;
			children = (
				7A90C9E41C3121C10094A9E0 /* Base */,
			);
			name = LaunchScreen.xib;
			sourceTree = "<group>";
		};
/* End PBXVariantGroup section */

/* Begin XCBuildConfiguration section */
		7A90C9F21C3121C10094A9E0 /* Debug */ = {
			isa = XCBuildConfiguration;
			buildSettings = {
				ALWAYS_SEARCH_USER_PATHS = NO;
				CLANG_CXX_LANGUAGE_STANDARD = "gnu++0x";
				CLANG_CXX_LIBRARY = "libc++";
				CLANG_ENABLE_MODULES = YES;
				CLANG_ENABLE_OBJC_ARC = YES;
				CLANG_WARN_BOOL_CONVERSION = YES;
				CLANG_WARN_CONSTANT_CONVERSION = YES;
				CLANG_WARN_DIRECT_OBJC_ISA_USAGE = YES_ERROR;
				CLANG_WARN_EMPTY_BODY = YES;
				CLANG_WARN_ENUM_CONVERSION = YES;
				CLANG_WARN_INT_CONVERSION = YES;
				CLANG_WARN_OBJC_ROOT_CLASS = YES_ERROR;
				CLANG_WARN_UNREACHABLE_CODE = YES;
				CLANG_WARN__DUPLICATE_METHOD_MATCH = YES;
				"CODE_SIGN_IDENTITY[sdk=iphoneos*]" = "iPhone Developer";
				COPY_PHASE_STRIP = NO;
				DEBUG_INFORMATION_FORMAT = "dwarf-with-dsym";
				ENABLE_STRICT_OBJC_MSGSEND = YES;
				GCC_C_LANGUAGE_STANDARD = gnu99;
				GCC_DYNAMIC_NO_PIC = NO;
				GCC_NO_COMMON_BLOCKS = YES;
				GCC_OPTIMIZATION_LEVEL = 0;
				GCC_PREPROCESSOR_DEFINITIONS = (
					"DEBUG=1",
					"$(inherited)",
				);
				GCC_SYMBOLS_PRIVATE_EXTERN = NO;
				GCC_WARN_64_TO_32_BIT_CONVERSION = YES;
				GCC_WARN_ABOUT_RETURN_TYPE = YES_ERROR;
				GCC_WARN_UNDECLARED_SELECTOR = YES;
				GCC_WARN_UNINITIALIZED_AUTOS = YES_AGGRESSIVE;
				GCC_WARN_UNUSED_FUNCTION = YES;
				GCC_WARN_UNUSED_VARIABLE = YES;
				IPHONEOS_DEPLOYMENT_TARGET = 8.4;
				MTL_ENABLE_DEBUG_INFO = YES;
				ONLY_ACTIVE_ARCH = YES;
				SDKROOT = iphoneos;
				TARGETED_DEVICE_FAMILY = "1,2";
			};
			name = Debug;
		};
		7A90C9F31C3121C10094A9E0 /* Release */ = {
			isa = XCBuildConfiguration;
			buildSettings = {
				ALWAYS_SEARCH_USER_PATHS = NO;
				CLANG_CXX_LANGUAGE_STANDARD = "gnu++0x";
				CLANG_CXX_LIBRARY = "libc++";
				CLANG_ENABLE_MODULES = YES;
				CLANG_ENABLE_OBJC_ARC = YES;
				CLANG_WARN_BOOL_CONVERSION = YES;
				CLANG_WARN_CONSTANT_CONVERSION = YES;
				CLANG_WARN_DIRECT_OBJC_ISA_USAGE = YES_ERROR;
				CLANG_WARN_EMPTY_BODY = YES;
				CLANG_WARN_ENUM_CONVERSION = YES;
				CLANG_WARN_INT_CONVERSION = YES;
				CLANG_WARN_OBJC_ROOT_CLASS = YES_ERROR;
				CLANG_WARN_UNREACHABLE_CODE = YES;
				CLANG_WARN__DUPLICATE_METHOD_MATCH = YES;
				"CODE_SIGN_IDENTITY[sdk=iphoneos*]" = "iPhone Developer";
				COPY_PHASE_STRIP = NO;
				DEBUG_INFORMATION_FORMAT = "dwarf-with-dsym";
				ENABLE_NS_ASSERTIONS = NO;
				ENABLE_STRICT_OBJC_MSGSEND = YES;
				GCC_C_LANGUAGE_STANDARD = gnu99;
				GCC_NO_COMMON_BLOCKS = YES;
				GCC_WARN_64_TO_32_BIT_CONVERSION = YES;
				GCC_WARN_ABOUT_RETURN_TYPE = YES_ERROR;
				GCC_WARN_UNDECLARED_SELECTOR = YES;
				GCC_WARN_UNINITIALIZED_AUTOS = YES_AGGRESSIVE;
				GCC_WARN_UNUSED_FUNCTION = YES;
				GCC_WARN_UNUSED_VARIABLE = YES;
				IPHONEOS_DEPLOYMENT_TARGET = 8.4;
				MTL_ENABLE_DEBUG_INFO = NO;
				SDKROOT = iphoneos;
				TARGETED_DEVICE_FAMILY = "1,2";
				VALIDATE_PRODUCT = YES;
			};
			name = Release;
		};
		7A90C9F51C3121C10094A9E0 /* Debug */ = {
			isa = XCBuildConfiguration;
			buildSettings = {
				ASSETCATALOG_COMPILER_APPICON_NAME = AppIcon;
				INFOPLIST_FILE = SampleProject0001/Info.plist;
				LD_RUNPATH_SEARCH_PATHS = "$(inherited) @executable_path/Frameworks";
				PRODUCT_NAME = "$(TARGET_NAME)";
			};
			name = Debug;
		};
		7A90C9F61C3121C10094A9E0 /* Release */ = {
			isa = XCBuildConfiguration;
			buildSettings = {
				ASSETCATALOG_COMPILER_APPICON_NAME = AppIcon;
				INFOPLIST_FILE = SampleProject0001/Info.plist;
				LD_RUNPATH_SEARCH_PATHS = "$(inherited) @executable_path/Frameworks";
				PRODUCT_NAME = "$(TARGET_NAME)";
			};
			name = Release;
		};
		7A90C9F81C3121C10094A9E0 /* Debug */ = {
			isa = XCBuildConfiguration;
			buildSettings = {
				BUNDLE_LOADER = "$(TEST_HOST)";
				FRAMEWORK_SEARCH_PATHS = (
					"$(SDKROOT)/Developer/Library/Frameworks",
					"$(inherited)",
				);
				GCC_PREPROCESSOR_DEFINITIONS = (
					"DEBUG=1",
					"$(inherited)",
				);
				INFOPLIST_FILE = SampleProject0001Tests/Info.plist;
				LD_RUNPATH_SEARCH_PATHS = "$(inherited) @executable_path/Frameworks @loader_path/Frameworks";
				PRODUCT_NAME = "$(TARGET_NAME)";
				TEST_HOST = "$(BUILT_PRODUCTS_DIR)/SampleProject0001.app/SampleProject0001";
			};
			name = Debug;
		};
		7A90C9F91C3121C10094A9E0 /* Release */ = {
			isa = XCBuildConfiguration;
			buildSettings = {
				BUNDLE_LOADER = "$(TEST_HOST)";
				FRAMEWORK_SEARCH_PATHS = (
					"$(SDKROOT)/Developer/Library/Frameworks",
					"$(inherited)",
				);
				INFOPLIST_FILE = SampleProject0001Tests/Info.plist;
				LD_RUNPATH_SEARCH_PATHS = "$(inherited) @executable_path/Frameworks @loader_path/Frameworks";
				PRODUCT_NAME = "$(TARGET_NAME)";
				TEST_HOST = "$(BUILT_PRODUCTS_DIR)/SampleProject0001.app/SampleProject0001";
			};
			name = Release;
		};
/* End XCBuildConfiguration section */

/* Begin XCConfigurationList section */
		7A90C9C91C3121C10094A9E0 /* Build configuration list for PBXProject "SampleProject0001" */ = {
			isa = XCConfigurationList;
			buildConfigurations = (
				7A90C9F21C3121C10094A9E0 /* Debug */,
				7A90C9F31C3121C10094A9E0 /* Release */,
			);
			defaultConfigurationIsVisible = 0;
			defaultConfigurationName = Release;
		};
		7A90C9F41C3121C10094A9E0 /* Build configuration list for PBXNativeTarget "SampleProject0001" */ = {
			isa = XCConfigurationList;
			buildConfigurations = (
				7A90C9F51C3121C10094A9E0 /* Debug */,
				7A90C9F61C3121C10094A9E0 /* Release */,
			);
			defaultConfigurationIsVisible = 0;
			defaultConfigurationName = Release;
		};
		7A90C9F71C3121C10094A9E0 /* Build configuration list for PBXNativeTarget "SampleProject0001Tests" */ = {
			isa = XCConfigurationList;
			buildConfigurations = (
				7A90C9F81C3121C10094A9E0 /* Debug */,
				7A90C9F91C3121C10094A9E0 /* Release */,
			);
			defaultConfigurationIsVisible = 0;
			defaultConfigurationName = Release;
		};
/* End XCConfigurationList section */

/* Begin XCVersionGroup section */
		7A90C9D81C3121C10094A9E0 /* SampleProject0001.xcdatamodeld */ = {
			isa = XCVersionGroup;
			children = (
				7A90C9D91C3121C10094A9E0 /* SampleProject0001.xcdatamodel */,
			);
			currentVersion = 7A90C9D91C3121C10094A9E0 /* SampleProject0001.xcdatamodel */;
			path = SampleProject0001.xcdatamodeld;
			sourceTree = "<group>";
			versionGroupType = wrapper.xcdatamodel;
		};
/* End XCVersionGroup section */
	};
	rootObject = 7A90C9C61C3121C10094A9E0 /* Project object */;
}
